
Microsoft Visual Studio Solution File, Format Version 12.00
# Visual Studio Version 16
VisualStudioVersion = 16.0.30517.126
MinimumVisualStudioVersion = 10.0.40219.1
Project("{FAE04EC0-301F-11D3-BF4B-00C04F79EFBC}") = "WebCorreo", "WebCorreo\WebCorreo.csproj", "{5A8AC1B6-48A0-43F7-BC5E-4A28E5D59960}"
EndProject
Global
	GlobalSection(SolutionConfigurationPlatforms) = preSolution
		Debug|Any CPU = Debug|Any CPU
		Release|Any CPU = Release|Any CPU
	EndGlobalSection
	GlobalSection(ProjectConfigurationPlatforms) = postSolution
		{5A8AC1B6-48A0-43F7-BC5E-4A28E5D59960}.Debug|Any CPU.ActiveCfg = Debug|Any CPU
		{5A8AC1B6-48A0-43F7-BC5E-4A28E5D59960}.Debug|Any CPU.Build.0 = Debug|Any CPU
		{5A8AC1B6-48A0-43F7-BC5E-4A28E5D59960}.Release|Any CPU.ActiveCfg = Release|Any CPU
		{5A8AC1B6-48A0-43F7-BC5E-4A28E5D59960}.Release|Any CPU.Build.0 = Release|Any CPU
	EndGlobalSection
	GlobalSection(SolutionProperties) = preSolution
		HideSolutionNode = FALSE
	EndGlobalSection
	GlobalSection(ExtensibilityGlobals) = postSolution
		SolutionGuid = {A1AD7243-6BC5-456E-BD01-FEF64D8611D8}
	EndGlobalSection
EndGlobal
